
Microsoft Visual Studio Solution File, Format Version 12.00
# Visual Studio Version 16
VisualStudioVersion = 16.0.29926.136
MinimumVisualStudioVersion = 10.0.40219.1
Project("{FAE04EC0-301F-11D3-BF4B-00C04F79EFBC}") = "ChamasF_How Many Vowels", "ChamasF_How Many Vowels\ChamasF_How Many Vowels.csproj", "{28A8F22A-C3BC-48B3-9FCC-04815F9D0E4B}"
EndProject
Global
	GlobalSection(SolutionConfigurationPlatforms) = preSolution
		Debug|Any CPU = Debug|Any CPU
		Release|Any CPU = Release|Any CPU
	EndGlobalSection
	GlobalSection(ProjectConfigurationPlatforms) = postSolution
		{28A8F22A-C3BC-48B3-9FCC-04815F9D0E4B}.Debug|Any CPU.ActiveCfg = Debug|Any CPU
		{28A8F22A-C3BC-48B3-9FCC-04815F9D0E4B}.Debug|Any CPU.Build.0 = Debug|Any CPU
		{28A8F22A-C3BC-48B3-9FCC-04815F9D0E4B}.Release|Any CPU.ActiveCfg = Release|Any CPU
		{28A8F22A-C3BC-48B3-9FCC-04815F9D0E4B}.Release|Any CPU.Build.0 = Release|Any CPU
	EndGlobalSection
	GlobalSection(SolutionProperties) = preSolution
		HideSolutionNode = FALSE
	EndGlobalSection
	GlobalSection(ExtensibilityGlobals) = postSolution
		SolutionGuid = {83AF4749-7658-4758-A8B9-428B93F5E16E}
	EndGlobalSection
EndGlobal
