
Microsoft Visual Studio Solution File, Format Version 12.00
# Visual Studio Version 16
VisualStudioVersion = 16.0.29926.136
MinimumVisualStudioVersion = 10.0.40219.1
Project("{FAE04EC0-301F-11D3-BF4B-00C04F79EFBC}") = "ChamasF_SmallWords", "ChamasF_SmallWords\ChamasF_SmallWords.csproj", "{D66F7389-A5B3-462A-BE9D-D5644C3FC92D}"
EndProject
Global
	GlobalSection(SolutionConfigurationPlatforms) = preSolution
		Debug|Any CPU = Debug|Any CPU
		Release|Any CPU = Release|Any CPU
	EndGlobalSection
	GlobalSection(ProjectConfigurationPlatforms) = postSolution
		{D66F7389-A5B3-462A-BE9D-D5644C3FC92D}.Debug|Any CPU.ActiveCfg = Debug|Any CPU
		{D66F7389-A5B3-462A-BE9D-D5644C3FC92D}.Debug|Any CPU.Build.0 = Debug|Any CPU
		{D66F7389-A5B3-462A-BE9D-D5644C3FC92D}.Release|Any CPU.ActiveCfg = Release|Any CPU
		{D66F7389-A5B3-462A-BE9D-D5644C3FC92D}.Release|Any CPU.Build.0 = Release|Any CPU
	EndGlobalSection
	GlobalSection(SolutionProperties) = preSolution
		HideSolutionNode = FALSE
	EndGlobalSection
	GlobalSection(ExtensibilityGlobals) = postSolution
		SolutionGuid = {FC8909D6-67B8-4F4A-A7F9-17BF52973FF1}
	EndGlobalSection
EndGlobal
