
Microsoft Visual Studio Solution File, Format Version 12.00
# Visual Studio Version 16
VisualStudioVersion = 16.0.29215.179
MinimumVisualStudioVersion = 10.0.40219.1
Project("{FAE04EC0-301F-11D3-BF4B-00C04F79EFBC}") = "ChamasF_FilesEx01", "ChamasF_FilesEx01\ChamasF_FilesEx01.csproj", "{C997873E-1CDF-47C9-A0B1-31C2E40007F9}"
EndProject
Global
	GlobalSection(SolutionConfigurationPlatforms) = preSolution
		Debug|Any CPU = Debug|Any CPU
		Release|Any CPU = Release|Any CPU
	EndGlobalSection
	GlobalSection(ProjectConfigurationPlatforms) = postSolution
		{C997873E-1CDF-47C9-A0B1-31C2E40007F9}.Debug|Any CPU.ActiveCfg = Debug|Any CPU
		{C997873E-1CDF-47C9-A0B1-31C2E40007F9}.Debug|Any CPU.Build.0 = Debug|Any CPU
		{C997873E-1CDF-47C9-A0B1-31C2E40007F9}.Release|Any CPU.ActiveCfg = Release|Any CPU
		{C997873E-1CDF-47C9-A0B1-31C2E40007F9}.Release|Any CPU.Build.0 = Release|Any CPU
	EndGlobalSection
	GlobalSection(SolutionProperties) = preSolution
		HideSolutionNode = FALSE
	EndGlobalSection
	GlobalSection(ExtensibilityGlobals) = postSolution
		SolutionGuid = {25952224-F279-48ED-9D4D-CA824370A95B}
	EndGlobalSection
EndGlobal
